// !$*UTF8*$!
{
	archiveVersion = 1;
	classes = {
	};
	objectVersion = 56;
	objects = {

/* Begin PBXBuildFile section */
		2C810F3B2DC527200052D377 /* MenuBarExtra.swift in Sources */ = {isa = PBXBuildFile; fileRef = 2C810F0B2DC527200052D377 /* MenuBarExtra.swift */; };
		2C810F3C2DC527200052D377 /* AppState.swift in Sources */ = {isa = PBXBuildFile; fileRef = 2C810F0D2DC527200052D377 /* AppState.swift */; };
		2C810F3D2DC527200052D377 /* DailyFocus.swift in Sources */ = {isa = PBXBuildFile; fileRef = 2C810F0E2DC527200052D377 /* DailyFocus.swift */; };
		2C810F3E2DC527200052D377 /* JournalEntry.swift in Sources */ = {isa = PBXBuildFile; fileRef = 2C810F0F2DC527200052D377 /* JournalEntry.swift */; };
		2C810F3F2DC527200052D377 /* Pillar.swift in Sources */ = {isa = PBXBuildFile; fileRef = 2C810F102DC527200052D377 /* Pillar.swift */; };
		2C810F402DC527200052D377 /* ProfessionalGoal.swift in Sources */ = {isa = PBXBuildFile; fileRef = 2C810F112DC527200052D377 /* ProfessionalGoal.swift */; };
		2C810F412DC527200052D377 /* Project.swift in Sources */ = {isa = PBXBuildFile; fileRef = 2C810F122DC527200052D377 /* Project.swift */; };
		2C810F422DC527200052D377 /* QuickAction.swift in Sources */ = {isa = PBXBuildFile; fileRef = 2C810F132DC527200052D377 /* QuickAction.swift */; };
		2C810F432DC527200052D377 /* Settings.swift in Sources */ = {isa = PBXBuildFile; fileRef = 2C810F142DC527200052D377 /* Settings.swift */; };
		2C810F442DC527200052D377 /* Skill.swift in Sources */ = {isa = PBXBuildFile; fileRef = 2C810F152DC527200052D377 /* Skill.swift */; };
		2C810F452DC527200052D377 /* User.swift in Sources */ = {isa = PBXBuildFile; fileRef = 2C810F162DC527200052D377 /* User.swift */; };
		2C810F462DC527200052D377 /* WeeklyReview.swift in Sources */ = {isa = PBXBuildFile; fileRef = 2C810F172DC527200052D377 /* WeeklyReview.swift */; };
		2C810F472DC527200052D377 /* Preview Assets.xcassets in Resources */ = {isa = PBXBuildFile; fileRef = 2C810F192DC527200052D377 /* Preview Assets.xcassets */; };
		2C810F482DC527200052D377 /* SearchBar.swift in Sources */ = {isa = PBXBuildFile; fileRef = 2C810F1B2DC527200052D377 /* SearchBar.swift */; };
		2C810F492DC527200052D377 /* DailyFocusView.swift in Sources */ = {isa = PBXBuildFile; fileRef = 2C810F1D2DC527200052D377 /* DailyFocusView.swift */; };
		2C810F4A2DC527200052D377 /* DependencyGraphView.swift in Sources */ = {isa = PBXBuildFile; fileRef = 2C810F1E2DC527200052D377 /* DependencyGraphView.swift */; };
		2C810F4B2DC527200052D377 /* GoalDetailView.swift in Sources */ = {isa = PBXBuildFile; fileRef = 2C810F1F2DC527200052D377 /* GoalDetailView.swift */; };
		2C810F4C2DC527200052D377 /* GoalsListView.swift in Sources */ = {isa = PBXBuildFile; fileRef = 2C810F202DC527200052D377 /* GoalsListView.swift */; };
		2C810F4D2DC527200052D377 /* JournalInsightsView.swift in Sources */ = {isa = PBXBuildFile; fileRef = 2C810F212DC527200052D377 /* JournalInsightsView.swift */; };
		2C810F4E2DC527200052D377 /* JournalView.swift in Sources */ = {isa = PBXBuildFile; fileRef = 2C810F222DC527200052D377 /* JournalView.swift */; };
		2C810F4F2DC527200052D377 /* MenuBarWidgetView.swift in Sources */ = {isa = PBXBuildFile; fileRef = 2C810F232DC527200052D377 /* MenuBarWidgetView.swift */; };
		2C810F502DC527200052D377 /* MilestoneDetailView.swift in Sources */ = {isa = PBXBuildFile; fileRef = 2C810F242DC527200052D377 /* MilestoneDetailView.swift */; };
		2C810F512DC527200052D377 /* PillarTrackerView.swift in Sources */ = {isa = PBXBuildFile; fileRef = 2C810F252DC527200052D377 /* PillarTrackerView.swift */; };
		2C810F522DC527200052D377 /* ProfessionalPlanningDashboardView.swift in Sources */ = {isa = PBXBuildFile; fileRef = 2C810F262DC527200052D377 /* ProfessionalPlanningDashboardView.swift */; };
		2C810F532DC527200052D377 /* ProfessionalPlanningView.swift in Sources */ = {isa = PBXBuildFile; fileRef = 2C810F272DC527200052D377 /* ProfessionalPlanningView.swift */; };
		2C810F542DC527200052D377 /* ProgressImpactView.swift in Sources */ = {isa = PBXBuildFile; fileRef = 2C810F282DC527200052D377 /* ProgressImpactView.swift */; };
		2C810F552DC527200052D377 /* ProjectDetailView.swift in Sources */ = {isa = PBXBuildFile; fileRef = 2C810F292DC527200052D377 /* ProjectDetailView.swift */; };
		2C810F562DC527200052D377 /* ProjectsListView.swift in Sources */ = {isa = PBXBuildFile; fileRef = 2C810F2A2DC527200052D377 /* ProjectsListView.swift */; };
		2C810F572DC527200052D377 /* QuickActionSheet.swift in Sources */ = {isa = PBXBuildFile; fileRef = 2C810F2B2DC527200052D377 /* QuickActionSheet.swift */; };
		2C810F582DC527200052D377 /* QuickJournalView.swift in Sources */ = {isa = PBXBuildFile; fileRef = 2C810F2C2DC527200052D377 /* QuickJournalView.swift */; };
		2C810F592DC527200052D377 /* RelationshipManagerView.swift in Sources */ = {isa = PBXBuildFile; fileRef = 2C810F2D2DC527200052D377 /* RelationshipManagerView.swift */; };
		2C810F5A2DC527200052D377 /* ResourceDetailView.swift in Sources */ = {isa = PBXBuildFile; fileRef = 2C810F2E2DC527200052D377 /* ResourceDetailView.swift */; };
		2C810F5B2DC527200052D377 /* SettingsView.swift in Sources */ = {isa = PBXBuildFile; fileRef = 2C810F2F2DC527200052D377 /* SettingsView.swift */; };
		2C810F5C2DC527200052D377 /* SkillDetailView.swift in Sources */ = {isa = PBXBuildFile; fileRef = 2C810F302DC527200052D377 /* SkillDetailView.swift */; };
		2C810F5D2DC527200052D377 /* SkillsListView.swift in Sources */ = {isa = PBXBuildFile; fileRef = 2C810F312DC527200052D377 /* SkillsListView.swift */; };
		2C810F5E2DC527200052D377 /* TaskDetailView.swift in Sources */ = {isa = PBXBuildFile; fileRef = 2C810F322DC527200052D377 /* TaskDetailView.swift */; };
		2C810F5F2DC527200052D377 /* WeeklyReviewView.swift in Sources */ = {isa = PBXBuildFile; fileRef = 2C810F332DC527200052D377 /* WeeklyReviewView.swift */; };
		2C810F602DC527200052D377 /* Assets.xcassets in Resources */ = {isa = PBXBuildFile; fileRef = 2C810F352DC527200052D377 /* Assets.xcassets */; };
		2C810F612DC527200052D377 /* ContentView.swift in Sources */ = {isa = PBXBuildFile; fileRef = 2C810F362DC527200052D377 /* ContentView.swift */; };
		2C810F622DC527200052D377 /* Item.swift in Sources */ = {isa = PBXBuildFile; fileRef = 2C810F372DC527200052D377 /* Item.swift */; };
		2C810F632DC527200052D377 /* valenceApp.swift in Sources */ = {isa = PBXBuildFile; fileRef = 2C810F392DC527200052D377 /* valenceApp.swift */; };
		2C94F8342DC3C587009644EC /* valenceApp.swift in Sources */ = {isa = PBXBuildFile; fileRef = 2C94F8332DC3C587009644EC /* valenceApp.swift */; };
		2C94F8362DC3C587009644EC /* ContentView.swift in Sources */ = {isa = PBXBuildFile; fileRef = 2C94F8352DC3C587009644EC /* ContentView.swift */; };
		2C94F8382DC3C587009644EC /* Item.swift in Sources */ = {isa = PBXBuildFile; fileRef = 2C94F8372DC3C587009644EC /* Item.swift */; };
		2C94F83A2DC3C589009644EC /* Assets.xcassets in Resources */ = {isa = PBXBuildFile; fileRef = 2C94F8392DC3C589009644EC /* Assets.xcassets */; };
		2C94F83D2DC3C589009644EC /* Preview Assets.xcassets in Resources */ = {isa = PBXBuildFile; fileRef = 2C94F83C2DC3C589009644EC /* Preview Assets.xcassets */; };
		2C94F8482DC3C589009644EC /* valenceTests.swift in Sources */ = {isa = PBXBuildFile; fileRef = 2C94F8472DC3C589009644EC /* valenceTests.swift */; };
		2C94F8522DC3C589009644EC /* valenceUITests.swift in Sources */ = {isa = PBXBuildFile; fileRef = 2C94F8512DC3C589009644EC /* valenceUITests.swift */; };
		2C94F8542DC3C589009644EC /* valenceUITestsLaunchTests.swift in Sources */ = {isa = PBXBuildFile; fileRef = 2C94F8532DC3C589009644EC /* valenceUITestsLaunchTests.swift */; };
/* End PBXBuildFile section */

/* Begin PBXContainerItemProxy section */
		2C94F8442DC3C589009644EC /* PBXContainerItemProxy */ = {
			isa = PBXContainerItemProxy;
			containerPortal = 2C94F8282DC3C587009644EC /* Project object */;
			proxyType = 1;
			remoteGlobalIDString = 2C94F82F2DC3C587009644EC;
			remoteInfo = valence;
		};
		2C94F84E2DC3C589009644EC /* PBXContainerItemProxy */ = {
			isa = PBXContainerItemProxy;
			containerPortal = 2C94F8282DC3C587009644EC /* Project object */;
			proxyType = 1;
			remoteGlobalIDString = 2C94F82F2DC3C587009644EC;
			remoteInfo = valence;
		};
/* End PBXContainerItemProxy section */

/* Begin PBXFileReference section */
		2C810F0B2DC527200052D377 /* MenuBarExtra.swift */ = {isa = PBXFileReference; fileEncoding = 4; lastKnownFileType = sourcecode.swift; path = MenuBarExtra.swift; sourceTree = "<group>"; };
		2C810F0D2DC527200052D377 /* AppState.swift */ = {isa = PBXFileReference; fileEncoding = 4; lastKnownFileType = sourcecode.swift; path = AppState.swift; sourceTree = "<group>"; };
		2C810F0E2DC527200052D377 /* DailyFocus.swift */ = {isa = PBXFileReference; fileEncoding = 4; lastKnownFileType = sourcecode.swift; path = DailyFocus.swift; sourceTree = "<group>"; };
		2C810F0F2DC527200052D377 /* JournalEntry.swift */ = {isa = PBXFileReference; fileEncoding = 4; lastKnownFileType = sourcecode.swift; path = JournalEntry.swift; sourceTree = "<group>"; };
		2C810F102DC527200052D377 /* Pillar.swift */ = {isa = PBXFileReference; fileEncoding = 4; lastKnownFileType = sourcecode.swift; path = Pillar.swift; sourceTree = "<group>"; };
		2C810F112DC527200052D377 /* ProfessionalGoal.swift */ = {isa = PBXFileReference; fileEncoding = 4; lastKnownFileType = sourcecode.swift; path = ProfessionalGoal.swift; sourceTree = "<group>"; };
		2C810F122DC527200052D377 /* Project.swift */ = {isa = PBXFileReference; fileEncoding = 4; lastKnownFileType = sourcecode.swift; path = Project.swift; sourceTree = "<group>"; };
		2C810F132DC527200052D377 /* QuickAction.swift */ = {isa = PBXFileReference; fileEncoding = 4; lastKnownFileType = sourcecode.swift; path = QuickAction.swift; sourceTree = "<group>"; };
		2C810F142DC527200052D377 /* Settings.swift */ = {isa = PBXFileReference; fileEncoding = 4; lastKnownFileType = sourcecode.swift; path = Settings.swift; sourceTree = "<group>"; };
		2C810F152DC527200052D377 /* Skill.swift */ = {isa = PBXFileReference; fileEncoding = 4; lastKnownFileType = sourcecode.swift; path = Skill.swift; sourceTree = "<group>"; };
		2C810F162DC527200052D377 /* User.swift */ = {isa = PBXFileReference; fileEncoding = 4; lastKnownFileType = sourcecode.swift; path = User.swift; sourceTree = "<group>"; };
		2C810F172DC527200052D377 /* WeeklyReview.swift */ = {isa = PBXFileReference; fileEncoding = 4; lastKnownFileType = sourcecode.swift; path = WeeklyReview.swift; sourceTree = "<group>"; };
		2C810F192DC527200052D377 /* Preview Assets.xcassets */ = {isa = PBXFileReference; lastKnownFileType = folder.assetcatalog; path = "Preview Assets.xcassets"; sourceTree = "<group>"; };
		2C810F1B2DC527200052D377 /* SearchBar.swift */ = {isa = PBXFileReference; fileEncoding = 4; lastKnownFileType = sourcecode.swift; path = SearchBar.swift; sourceTree = "<group>"; };
		2C810F1D2DC527200052D377 /* DailyFocusView.swift */ = {isa = PBXFileReference; fileEncoding = 4; lastKnownFileType = sourcecode.swift; path = DailyFocusView.swift; sourceTree = "<group>"; };
		2C810F1E2DC527200052D377 /* DependencyGraphView.swift */ = {isa = PBXFileReference; fileEncoding = 4; lastKnownFileType = sourcecode.swift; path = DependencyGraphView.swift; sourceTree = "<group>"; };
		2C810F1F2DC527200052D377 /* GoalDetailView.swift */ = {isa = PBXFileReference; fileEncoding = 4; lastKnownFileType = sourcecode.swift; path = GoalDetailView.swift; sourceTree = "<group>"; };
		2C810F202DC527200052D377 /* GoalsListView.swift */ = {isa = PBXFileReference; fileEncoding = 4; lastKnownFileType = sourcecode.swift; path = GoalsListView.swift; sourceTree = "<group>"; };
		2C810F212DC527200052D377 /* JournalInsightsView.swift */ = {isa = PBXFileReference; fileEncoding = 4; lastKnownFileType = sourcecode.swift; path = JournalInsightsView.swift; sourceTree = "<group>"; };
		2C810F222DC527200052D377 /* JournalView.swift */ = {isa = PBXFileReference; fileEncoding = 4; lastKnownFileType = sourcecode.swift; path = JournalView.swift; sourceTree = "<group>"; };
		2C810F232DC527200052D377 /* MenuBarWidgetView.swift */ = {isa = PBXFileReference; fileEncoding = 4; lastKnownFileType = sourcecode.swift; path = MenuBarWidgetView.swift; sourceTree = "<group>"; };
		2C810F242DC527200052D377 /* MilestoneDetailView.swift */ = {isa = PBXFileReference; fileEncoding = 4; lastKnownFileType = sourcecode.swift; path = MilestoneDetailView.swift; sourceTree = "<group>"; };
		2C810F252DC527200052D377 /* PillarTrackerView.swift */ = {isa = PBXFileReference; fileEncoding = 4; lastKnownFileType = sourcecode.swift; path = PillarTrackerView.swift; sourceTree = "<group>"; };
		2C810F262DC527200052D377 /* ProfessionalPlanningDashboardView.swift */ = {isa = PBXFileReference; fileEncoding = 4; lastKnownFileType = sourcecode.swift; path = ProfessionalPlanningDashboardView.swift; sourceTree = "<group>"; };
		2C810F272DC527200052D377 /* ProfessionalPlanningView.swift */ = {isa = PBXFileReference; fileEncoding = 4; lastKnownFileType = sourcecode.swift; path = ProfessionalPlanningView.swift; sourceTree = "<group>"; };
		2C810F282DC527200052D377 /* ProgressImpactView.swift */ = {isa = PBXFileReference; fileEncoding = 4; lastKnownFileType = sourcecode.swift; path = ProgressImpactView.swift; sourceTree = "<group>"; };
		2C810F292DC527200052D377 /* ProjectDetailView.swift */ = {isa = PBXFileReference; fileEncoding = 4; lastKnownFileType = sourcecode.swift; path = ProjectDetailView.swift; sourceTree = "<group>"; };
		2C810F2A2DC527200052D377 /* ProjectsListView.swift */ = {isa = PBXFileReference; fileEncoding = 4; lastKnownFileType = sourcecode.swift; path = ProjectsListView.swift; sourceTree = "<group>"; };
		2C810F2B2DC527200052D377 /* QuickActionSheet.swift */ = {isa = PBXFileReference; fileEncoding = 4; lastKnownFileType = sourcecode.swift; path = QuickActionSheet.swift; sourceTree = "<group>"; };
		2C810F2C2DC527200052D377 /* QuickJournalView.swift */ = {isa = PBXFileReference; fileEncoding = 4; lastKnownFileType = sourcecode.swift; path = QuickJournalView.swift; sourceTree = "<group>"; };
		2C810F2D2DC527200052D377 /* RelationshipManagerView.swift */ = {isa = PBXFileReference; fileEncoding = 4; lastKnownFileType = sourcecode.swift; path = RelationshipManagerView.swift; sourceTree = "<group>"; };
		2C810F2E2DC527200052D377 /* ResourceDetailView.swift */ = {isa = PBXFileReference; fileEncoding = 4; lastKnownFileType = sourcecode.swift; path = ResourceDetailView.swift; sourceTree = "<group>"; };
		2C810F2F2DC527200052D377 /* SettingsView.swift */ = {isa = PBXFileReference; fileEncoding = 4; lastKnownFileType = sourcecode.swift; path = SettingsView.swift; sourceTree = "<group>"; };
		2C810F302DC527200052D377 /* SkillDetailView.swift */ = {isa = PBXFileReference; fileEncoding = 4; lastKnownFileType = sourcecode.swift; path = SkillDetailView.swift; sourceTree = "<group>"; };
		2C810F312DC527200052D377 /* SkillsListView.swift */ = {isa = PBXFileReference; fileEncoding = 4; lastKnownFileType = sourcecode.swift; path = SkillsListView.swift; sourceTree = "<group>"; };
		2C810F322DC527200052D377 /* TaskDetailView.swift */ = {isa = PBXFileReference; fileEncoding = 4; lastKnownFileType = sourcecode.swift; path = TaskDetailView.swift; sourceTree = "<group>"; };
		2C810F332DC527200052D377 /* WeeklyReviewView.swift */ = {isa = PBXFileReference; fileEncoding = 4; lastKnownFileType = sourcecode.swift; path = WeeklyReviewView.swift; sourceTree = "<group>"; };
		2C810F352DC527200052D377 /* Assets.xcassets */ = {isa = PBXFileReference; lastKnownFileType = folder.assetcatalog; path = Assets.xcassets; sourceTree = "<group>"; };
		2C810F362DC527200052D377 /* ContentView.swift */ = {isa = PBXFileReference; fileEncoding = 4; lastKnownFileType = sourcecode.swift; path = ContentView.swift; sourceTree = "<group>"; };
		2C810F372DC527200052D377 /* Item.swift */ = {isa = PBXFileReference; fileEncoding = 4; lastKnownFileType = sourcecode.swift; path = Item.swift; sourceTree = "<group>"; };
		2C810F382DC527200052D377 /* valence.entitlements */ = {isa = PBXFileReference; fileEncoding = 4; lastKnownFileType = text.plist.entitlements; path = valence.entitlements; sourceTree = "<group>"; };
		2C810F392DC527200052D377 /* valenceApp.swift */ = {isa = PBXFileReference; fileEncoding = 4; lastKnownFileType = sourcecode.swift; path = valenceApp.swift; sourceTree = "<group>"; };
		2C94F8302DC3C587009644EC /* valence.app */ = {isa = PBXFileReference; explicitFileType = wrapper.application; includeInIndex = 0; path = valence.app; sourceTree = BUILT_PRODUCTS_DIR; };
		2C94F8332DC3C587009644EC /* valenceApp.swift */ = {isa = PBXFileReference; lastKnownFileType = sourcecode.swift; path = valenceApp.swift; sourceTree = "<group>"; };
		2C94F8352DC3C587009644EC /* ContentView.swift */ = {isa = PBXFileReference; lastKnownFileType = sourcecode.swift; path = ContentView.swift; sourceTree = "<group>"; };
		2C94F8372DC3C587009644EC /* Item.swift */ = {isa = PBXFileReference; lastKnownFileType = sourcecode.swift; path = Item.swift; sourceTree = "<group>"; };
		2C94F8392DC3C589009644EC /* Assets.xcassets */ = {isa = PBXFileReference; lastKnownFileType = folder.assetcatalog; path = Assets.xcassets; sourceTree = "<group>"; };
		2C94F83C2DC3C589009644EC /* Preview Assets.xcassets */ = {isa = PBXFileReference; lastKnownFileType = folder.assetcatalog; path = "Preview Assets.xcassets"; sourceTree = "<group>"; };
		2C94F83E2DC3C589009644EC /* valence.entitlements */ = {isa = PBXFileReference; lastKnownFileType = text.plist.entitlements; path = valence.entitlements; sourceTree = "<group>"; };
		2C94F8432DC3C589009644EC /* valenceTests.xctest */ = {isa = PBXFileReference; explicitFileType = wrapper.cfbundle; includeInIndex = 0; path = valenceTests.xctest; sourceTree = BUILT_PRODUCTS_DIR; };
		2C94F8472DC3C589009644EC /* valenceTests.swift */ = {isa = PBXFileReference; lastKnownFileType = sourcecode.swift; path = valenceTests.swift; sourceTree = "<group>"; };
		2C94F84D2DC3C589009644EC /* valenceUITests.xctest */ = {isa = PBXFileReference; explicitFileType = wrapper.cfbundle; includeInIndex = 0; path = valenceUITests.xctest; sourceTree = BUILT_PRODUCTS_DIR; };
		2C94F8512DC3C589009644EC /* valenceUITests.swift */ = {isa = PBXFileReference; lastKnownFileType = sourcecode.swift; path = valenceUITests.swift; sourceTree = "<group>"; };
		2C94F8532DC3C589009644EC /* valenceUITestsLaunchTests.swift */ = {isa = PBXFileReference; lastKnownFileType = sourcecode.swift; path = valenceUITestsLaunchTests.swift; sourceTree = "<group>"; };
/* End PBXFileReference section */

/* Begin PBXFrameworksBuildPhase section */
		2C94F82D2DC3C587009644EC /* Frameworks */ = {
			isa = PBXFrameworksBuildPhase;
			buildActionMask = 2147483647;
			files = (
			);
			runOnlyForDeploymentPostprocessing = 0;
		};
		2C94F8402DC3C589009644EC /* Frameworks */ = {
			isa = PBXFrameworksBuildPhase;
			buildActionMask = 2147483647;
			files = (
			);
			runOnlyForDeploymentPostprocessing = 0;
		};
		2C94F84A2DC3C589009644EC /* Frameworks */ = {
			isa = PBXFrameworksBuildPhase;
			buildActionMask = 2147483647;
			files = (
			);
			runOnlyForDeploymentPostprocessing = 0;
		};
/* End PBXFrameworksBuildPhase section */

/* Begin PBXGroup section */
		2C810F0C2DC527200052D377 /* App */ = {
			isa = PBXGroup;
			children = (
				2C810F0B2DC527200052D377 /* MenuBarExtra.swift */,
			);
			path = App;
			sourceTree = "<group>";
		};
		2C810F182DC527200052D377 /* Models */ = {
			isa = PBXGroup;
			children = (
				2C810F0D2DC527200052D377 /* AppState.swift */,
				2C810F0E2DC527200052D377 /* DailyFocus.swift */,
				2C810F0F2DC527200052D377 /* JournalEntry.swift */,
				2C810F102DC527200052D377 /* Pillar.swift */,
				2C810F112DC527200052D377 /* ProfessionalGoal.swift */,
				2C810F122DC527200052D377 /* Project.swift */,
				2C810F132DC527200052D377 /* QuickAction.swift */,
				2C810F142DC527200052D377 /* Settings.swift */,
				2C810F152DC527200052D377 /* Skill.swift */,
				2C810F162DC527200052D377 /* User.swift */,
				2C810F172DC527200052D377 /* WeeklyReview.swift */,
			);
			path = Models;
			sourceTree = "<group>";
		};
		2C810F1A2DC527200052D377 /* Preview Content */ = {
			isa = PBXGroup;
			children = (
				2C810F192DC527200052D377 /* Preview Assets.xcassets */,
			);
			path = "Preview Content";
			sourceTree = "<group>";
		};
		2C810F1C2DC527200052D377 /* Components */ = {
			isa = PBXGroup;
			children = (
				2C810F1B2DC527200052D377 /* SearchBar.swift */,
			);
			path = Components;
			sourceTree = "<group>";
		};
		2C810F342DC527200052D377 /* Views */ = {
			isa = PBXGroup;
			children = (
				2C810F1C2DC527200052D377 /* Components */,
				2C810F1D2DC527200052D377 /* DailyFocusView.swift */,
				2C810F1E2DC527200052D377 /* DependencyGraphView.swift */,
				2C810F1F2DC527200052D377 /* GoalDetailView.swift */,
				2C810F202DC527200052D377 /* GoalsListView.swift */,
				2C810F212DC527200052D377 /* JournalInsightsView.swift */,
				2C810F222DC527200052D377 /* JournalView.swift */,
				2C810F232DC527200052D377 /* MenuBarWidgetView.swift */,
				2C810F242DC527200052D377 /* MilestoneDetailView.swift */,
				2C810F252DC527200052D377 /* PillarTrackerView.swift */,
				2C810F262DC527200052D377 /* ProfessionalPlanningDashboardView.swift */,
				2C810F272DC527200052D377 /* ProfessionalPlanningView.swift */,
				2C810F282DC527200052D377 /* ProgressImpactView.swift */,
				2C810F292DC527200052D377 /* ProjectDetailView.swift */,
				2C810F2A2DC527200052D377 /* ProjectsListView.swift */,
				2C810F2B2DC527200052D377 /* QuickActionSheet.swift */,
				2C810F2C2DC527200052D377 /* QuickJournalView.swift */,
				2C810F2D2DC527200052D377 /* RelationshipManagerView.swift */,
				2C810F2E2DC527200052D377 /* ResourceDetailView.swift */,
				2C810F2F2DC527200052D377 /* SettingsView.swift */,
				2C810F302DC527200052D377 /* SkillDetailView.swift */,
				2C810F312DC527200052D377 /* SkillsListView.swift */,
				2C810F322DC527200052D377 /* TaskDetailView.swift */,
				2C810F332DC527200052D377 /* WeeklyReviewView.swift */,
			);
			path = Views;
			sourceTree = "<group>";
		};
		2C94F8272DC3C587009644EC = {
			isa = PBXGroup;
			children = (
				2C94F8322DC3C587009644EC /* valence */,
				2C94F8312DC3C587009644EC /* Products */,
			);
			sourceTree = "<group>";
		};
		2C94F8312DC3C587009644EC /* Products */ = {
			isa = PBXGroup;
			children = (
				2C94F8302DC3C587009644EC /* valence.app */,
				2C94F8432DC3C589009644EC /* valenceTests.xctest */,
				2C94F84D2DC3C589009644EC /* valenceUITests.xctest */,
			);
			name = Products;
			sourceTree = "<group>";
		};
		2C94F8322DC3C587009644EC /* valence */ = {
			isa = PBXGroup;
			children = (
				2C810F0C2DC527200052D377 /* App */,
				2C810F182DC527200052D377 /* Models */,
				2C810F1A2DC527200052D377 /* Preview Content */,
				2C810F342DC527200052D377 /* Views */,
				2C810F352DC527200052D377 /* Assets.xcassets */,
				2C810F362DC527200052D377 /* ContentView.swift */,
				2C810F372DC527200052D377 /* Item.swift */,
				2C810F382DC527200052D377 /* valence.entitlements */,
				2C810F392DC527200052D377 /* valenceApp.swift */,
				2C94F8462DC3C589009644EC /* valenceTests */,
				2C94F8502DC3C589009644EC /* valenceUITests */,
				2C94F8332DC3C587009644EC /* valenceApp.swift */,
				2C94F8352DC3C587009644EC /* ContentView.swift */,
				2C94F8372DC3C587009644EC /* Item.swift */,
				2C94F8392DC3C589009644EC /* Assets.xcassets */,
				2C94F83E2DC3C589009644EC /* valence.entitlements */,
				2C94F83B2DC3C589009644EC /* Preview Content */,
			);
			path = valence;
			sourceTree = "<group>";
		};
		2C94F83B2DC3C589009644EC /* Preview Content */ = {
			isa = PBXGroup;
			children = (
				2C94F83C2DC3C589009644EC /* Preview Assets.xcassets */,
			);
			path = "Preview Content";
			sourceTree = "<group>";
		};
		2C94F8462DC3C589009644EC /* valenceTests */ = {
			isa = PBXGroup;
			children = (
				2C94F8472DC3C589009644EC /* valenceTests.swift */,
			);
			path = valenceTests;
			sourceTree = "<group>";
		};
		2C94F8502DC3C589009644EC /* valenceUITests */ = {
			isa = PBXGroup;
			children = (
				2C94F8512DC3C589009644EC /* valenceUITests.swift */,
				2C94F8532DC3C589009644EC /* valenceUITestsLaunchTests.swift */,
			);
			path = valenceUITests;
			sourceTree = "<group>";
		};
/* End PBXGroup section */

/* Begin PBXNativeTarget section */
		2C94F82F2DC3C587009644EC /* valence */ = {
			isa = PBXNativeTarget;
			buildConfigurationList = 2C94F8572DC3C589009644EC /* Build configuration list for PBXNativeTarget "valence" */;
			buildPhases = (
				2C94F82C2DC3C587009644EC /* Sources */,
				2C94F82D2DC3C587009644EC /* Frameworks */,
				2C94F82E2DC3C587009644EC /* Resources */,
			);
			buildRules = (
			);
			dependencies = (
			);
			name = valence;
			productName = valence;
			productReference = 2C94F8302DC3C587009644EC /* valence.app */;
			productType = "com.apple.product-type.application";
		};
		2C94F8422DC3C589009644EC /* valenceTests */ = {
			isa = PBXNativeTarget;
			buildConfigurationList = 2C94F85A2DC3C589009644EC /* Build configuration list for PBXNativeTarget "valenceTests" */;
			buildPhases = (
				2C94F83F2DC3C589009644EC /* Sources */,
				2C94F8402DC3C589009644EC /* Frameworks */,
				2C94F8412DC3C589009644EC /* Resources */,
			);
			buildRules = (
			);
			dependencies = (
				2C94F8452DC3C589009644EC /* PBXTargetDependency */,
			);
			name = valenceTests;
			productName = valenceTests;
			productReference = 2C94F8432DC3C589009644EC /* valenceTests.xctest */;
			productType = "com.apple.product-type.bundle.unit-test";
		};
		2C94F84C2DC3C589009644EC /* valenceUITests */ = {
			isa = PBXNativeTarget;
			buildConfigurationList = 2C94F85D2DC3C589009644EC /* Build configuration list for PBXNativeTarget "valenceUITests" */;
			buildPhases = (
				2C94F8492DC3C589009644EC /* Sources */,
				2C94F84A2DC3C589009644EC /* Frameworks */,
				2C94F84B2DC3C589009644EC /* Resources */,
			);
			buildRules = (
			);
			dependencies = (
				2C94F84F2DC3C589009644EC /* PBXTargetDependency */,
			);
			name = valenceUITests;
			productName = valenceUITests;
			productReference = 2C94F84D2DC3C589009644EC /* valenceUITests.xctest */;
			productType = "com.apple.product-type.bundle.ui-testing";
		};
/* End PBXNativeTarget section */

/* Begin PBXProject section */
		2C94F8282DC3C587009644EC /* Project object */ = {
			isa = PBXProject;
			attributes = {
				BuildIndependentTargetsInParallel = 1;
				LastSwiftUpdateCheck = 1530;
				LastUpgradeCheck = 1530;
				TargetAttributes = {
					2C94F82F2DC3C587009644EC = {
						CreatedOnToolsVersion = 15.3;
					};
					2C94F8422DC3C589009644EC = {
						CreatedOnToolsVersion = 15.3;
						TestTargetID = 2C94F82F2DC3C587009644EC;
					};
					2C94F84C2DC3C589009644EC = {
						CreatedOnToolsVersion = 15.3;
						TestTargetID = 2C94F82F2DC3C587009644EC;
					};
				};
			};
			buildConfigurationList = 2C94F82B2DC3C587009644EC /* Build configuration list for PBXProject "valence" */;
			compatibilityVersion = "Xcode 14.0";
			developmentRegion = en;
			hasScannedForEncodings = 0;
			knownRegions = (
				en,
				Base,
			);
			mainGroup = 2C94F8272DC3C587009644EC;
			productRefGroup = 2C94F8312DC3C587009644EC /* Products */;
			projectDirPath = "";
			projectRoot = "";
			targets = (
				2C94F82F2DC3C587009644EC /* valence */,
				2C94F8422DC3C589009644EC /* valenceTests */,
				2C94F84C2DC3C589009644EC /* valenceUITests */,
			);
		};
/* End PBXProject section */

/* Begin PBXResourcesBuildPhase section */
		2C94F82E2DC3C587009644EC /* Resources */ = {
			isa = PBXResourcesBuildPhase;
			buildActionMask = 2147483647;
			files = (
				2C94F83D2DC3C589009644EC /* Preview Assets.xcassets in Resources */,
				2C810F472DC527200052D377 /* Preview Assets.xcassets in Resources */,
				2C810F602DC527200052D377 /* Assets.xcassets in Resources */,
				2C94F83A2DC3C589009644EC /* Assets.xcassets in Resources */,
			);
			runOnlyForDeploymentPostprocessing = 0;
		};
		2C94F8412DC3C589009644EC /* Resources */ = {
			isa = PBXResourcesBuildPhase;
			buildActionMask = 2147483647;
			files = (
			);
			runOnlyForDeploymentPostprocessing = 0;
		};
		2C94F84B2DC3C589009644EC /* Resources */ = {
			isa = PBXResourcesBuildPhase;
			buildActionMask = 2147483647;
			files = (
			);
			runOnlyForDeploymentPostprocessing = 0;
		};
/* End PBXResourcesBuildPhase section */

/* Begin PBXSourcesBuildPhase section */
		2C94F82C2DC3C587009644EC /* Sources */ = {
			isa = PBXSourcesBuildPhase;
			buildActionMask = 2147483647;
			files = (
				2C810F5B2DC527200052D377 /* SettingsView.swift in Sources */,
				2C810F4E2DC527200052D377 /* JournalView.swift in Sources */,
				2C810F422DC527200052D377 /* QuickAction.swift in Sources */,
				2C810F622DC527200052D377 /* Item.swift in Sources */,
				2C810F442DC527200052D377 /* Skill.swift in Sources */,
				2C810F3D2DC527200052D377 /* DailyFocus.swift in Sources */,
				2C810F582DC527200052D377 /* QuickJournalView.swift in Sources */,
				2C94F8362DC3C587009644EC /* ContentView.swift in Sources */,
				2C810F402DC527200052D377 /* ProfessionalGoal.swift in Sources */,
				2C810F4B2DC527200052D377 /* GoalDetailView.swift in Sources */,
				2C810F482DC527200052D377 /* SearchBar.swift in Sources */,
				2C810F4C2DC527200052D377 /* GoalsListView.swift in Sources */,
				2C810F542DC527200052D377 /* ProgressImpactView.swift in Sources */,
				2C810F562DC527200052D377 /* ProjectsListView.swift in Sources */,
				2C810F5C2DC527200052D377 /* SkillDetailView.swift in Sources */,
				2C810F532DC527200052D377 /* ProfessionalPlanningView.swift in Sources */,
				2C810F412DC527200052D377 /* Project.swift in Sources */,
				2C810F5E2DC527200052D377 /* TaskDetailView.swift in Sources */,
				2C810F502DC527200052D377 /* MilestoneDetailView.swift in Sources */,
				2C810F5F2DC527200052D377 /* WeeklyReviewView.swift in Sources */,
				2C810F452DC527200052D377 /* User.swift in Sources */,
				2C810F592DC527200052D377 /* RelationshipManagerView.swift in Sources */,
				2C810F3C2DC527200052D377 /* AppState.swift in Sources */,
				2C810F492DC527200052D377 /* DailyFocusView.swift in Sources */,
				2C810F432DC527200052D377 /* Settings.swift in Sources */,
				2C810F3F2DC527200052D377 /* Pillar.swift in Sources */,
				2C810F572DC527200052D377 /* QuickActionSheet.swift in Sources */,
				2C810F612DC527200052D377 /* ContentView.swift in Sources */,
				2C810F4A2DC527200052D377 /* DependencyGraphView.swift in Sources */,
				2C810F462DC527200052D377 /* WeeklyReview.swift in Sources */,
				2C94F8382DC3C587009644EC /* Item.swift in Sources */,
				2C810F5A2DC527200052D377 /* ResourceDetailView.swift in Sources */,
				2C810F632DC527200052D377 /* valenceApp.swift in Sources */,
				2C810F5D2DC527200052D377 /* SkillsListView.swift in Sources */,
				2C810F522DC527200052D377 /* ProfessionalPlanningDashboardView.swift in Sources */,
				2C810F4F2DC527200052D377 /* MenuBarWidgetView.swift in Sources */,
				2C810F512DC527200052D377 /* PillarTrackerView.swift in Sources */,
				2C94F8342DC3C587009644EC /* valenceApp.swift in Sources */,
				2C810F3E2DC527200052D377 /* JournalEntry.swift in Sources */,
				2C810F4D2DC527200052D377 /* JournalInsightsView.swift in Sources */,
				2C810F3B2DC527200052D377 /* MenuBarExtra.swift in Sources */,
				2C810F552DC527200052D377 /* ProjectDetailView.swift in Sources */,
			);
			runOnlyForDeploymentPostprocessing = 0;
		};
		2C94F83F2DC3C589009644EC /* Sources */ = {
			isa = PBXSourcesBuildPhase;
			buildActionMask = 2147483647;
			files = (
				2C94F8482DC3C589009644EC /* valenceTests.swift in Sources */,
			);
			runOnlyForDeploymentPostprocessing = 0;
		};
		2C94F8492DC3C589009644EC /* Sources */ = {
			isa = PBXSourcesBuildPhase;
			buildActionMask = 2147483647;
			files = (
				2C94F8522DC3C589009644EC /* valenceUITests.swift in Sources */,
				2C94F8542DC3C589009644EC /* valenceUITestsLaunchTests.swift in Sources */,
			);
			runOnlyForDeploymentPostprocessing = 0;
		};
/* End PBXSourcesBuildPhase section */

/* Begin PBXTargetDependency section */
		2C94F8452DC3C589009644EC /* PBXTargetDependency */ = {
			isa = PBXTargetDependency;
			target = 2C94F82F2DC3C587009644EC /* valence */;
			targetProxy = 2C94F8442DC3C589009644EC /* PBXContainerItemProxy */;
		};
		2C94F84F2DC3C589009644EC /* PBXTargetDependency */ = {
			isa = PBXTargetDependency;
			target = 2C94F82F2DC3C587009644EC /* valence */;
			targetProxy = 2C94F84E2DC3C589009644EC /* PBXContainerItemProxy */;
		};
/* End PBXTargetDependency section */

/* Begin XCBuildConfiguration section */
		2C94F8552DC3C589009644EC /* Debug */ = {
			isa = XCBuildConfiguration;
			buildSettings = {
				ALWAYS_SEARCH_USER_PATHS = NO;
				ASSETCATALOG_COMPILER_GENERATE_SWIFT_ASSET_SYMBOL_EXTENSIONS = YES;
				CLANG_ANALYZER_NONNULL = YES;
				CLANG_ANALYZER_NUMBER_OBJECT_CONVERSION = YES_AGGRESSIVE;
				CLANG_CXX_LANGUAGE_STANDARD = "gnu++20";
				CLANG_ENABLE_MODULES = YES;
				CLANG_ENABLE_OBJC_ARC = YES;
				CLANG_ENABLE_OBJC_WEAK = YES;
				CLANG_WARN_BLOCK_CAPTURE_AUTORELEASING = YES;
				CLANG_WARN_BOOL_CONVERSION = YES;
				CLANG_WARN_COMMA = YES;
				CLANG_WARN_CONSTANT_CONVERSION = YES;
				CLANG_WARN_DEPRECATED_OBJC_IMPLEMENTATIONS = YES;
				CLANG_WARN_DIRECT_OBJC_ISA_USAGE = YES_ERROR;
				CLANG_WARN_DOCUMENTATION_COMMENTS = YES;
				CLANG_WARN_EMPTY_BODY = YES;
				CLANG_WARN_ENUM_CONVERSION = YES;
				CLANG_WARN_INFINITE_RECURSION = YES;
				CLANG_WARN_INT_CONVERSION = YES;
				CLANG_WARN_NON_LITERAL_NULL_CONVERSION = YES;
				CLANG_WARN_OBJC_IMPLICIT_RETAIN_SELF = YES;
				CLANG_WARN_OBJC_LITERAL_CONVERSION = YES;
				CLANG_WARN_OBJC_ROOT_CLASS = YES_ERROR;
				CLANG_WARN_QUOTED_INCLUDE_IN_FRAMEWORK_HEADER = YES;
				CLANG_WARN_RANGE_LOOP_ANALYSIS = YES;
				CLANG_WARN_STRICT_PROTOTYPES = YES;
				CLANG_WARN_SUSPICIOUS_MOVE = YES;
				CLANG_WARN_UNGUARDED_AVAILABILITY = YES_AGGRESSIVE;
				CLANG_WARN_UNREACHABLE_CODE = YES;
				CLANG_WARN__DUPLICATE_METHOD_MATCH = YES;
				COPY_PHASE_STRIP = NO;
				DEBUG_INFORMATION_FORMAT = dwarf;
				ENABLE_STRICT_OBJC_MSGSEND = YES;
				ENABLE_TESTABILITY = YES;
				ENABLE_USER_SCRIPT_SANDBOXING = YES;
				GCC_C_LANGUAGE_STANDARD = gnu17;
				GCC_DYNAMIC_NO_PIC = NO;
				GCC_NO_COMMON_BLOCKS = YES;
				GCC_OPTIMIZATION_LEVEL = 0;
				GCC_PREPROCESSOR_DEFINITIONS = (
					"DEBUG=1",
					"$(inherited)",
				);
				GCC_WARN_64_TO_32_BIT_CONVERSION = YES;
				GCC_WARN_ABOUT_RETURN_TYPE = YES_ERROR;
				GCC_WARN_UNDECLARED_SELECTOR = YES;
				GCC_WARN_UNINITIALIZED_AUTOS = YES_AGGRESSIVE;
				GCC_WARN_UNUSED_FUNCTION = YES;
				GCC_WARN_UNUSED_VARIABLE = YES;
				LOCALIZATION_PREFERS_STRING_CATALOGS = YES;
				MACOSX_DEPLOYMENT_TARGET = 14.4;
				MTL_ENABLE_DEBUG_INFO = INCLUDE_SOURCE;
				MTL_FAST_MATH = YES;
				ONLY_ACTIVE_ARCH = YES;
				SDKROOT = macosx;
				SWIFT_ACTIVE_COMPILATION_CONDITIONS = "DEBUG $(inherited)";
				SWIFT_OPTIMIZATION_LEVEL = "-Onone";
			};
			name = Debug;
		};
		2C94F8562DC3C589009644EC /* Release */ = {
			isa = XCBuildConfiguration;
			buildSettings = {
				ALWAYS_SEARCH_USER_PATHS = NO;
				ASSETCATALOG_COMPILER_GENERATE_SWIFT_ASSET_SYMBOL_EXTENSIONS = YES;
				CLANG_ANALYZER_NONNULL = YES;
				CLANG_ANALYZER_NUMBER_OBJECT_CONVERSION = YES_AGGRESSIVE;
				CLANG_CXX_LANGUAGE_STANDARD = "gnu++20";
				CLANG_ENABLE_MODULES = YES;
				CLANG_ENABLE_OBJC_ARC = YES;
				CLANG_ENABLE_OBJC_WEAK = YES;
				CLANG_WARN_BLOCK_CAPTURE_AUTORELEASING = YES;
				CLANG_WARN_BOOL_CONVERSION = YES;
				CLANG_WARN_COMMA = YES;
				CLANG_WARN_CONSTANT_CONVERSION = YES;
				CLANG_WARN_DEPRECATED_OBJC_IMPLEMENTATIONS = YES;
				CLANG_WARN_DIRECT_OBJC_ISA_USAGE = YES_ERROR;
				CLANG_WARN_DOCUMENTATION_COMMENTS = YES;
				CLANG_WARN_EMPTY_BODY = YES;
				CLANG_WARN_ENUM_CONVERSION = YES;
				CLANG_WARN_INFINITE_RECURSION = YES;
				CLANG_WARN_INT_CONVERSION = YES;
				CLANG_WARN_NON_LITERAL_NULL_CONVERSION = YES;
				CLANG_WARN_OBJC_IMPLICIT_RETAIN_SELF = YES;
				CLANG_WARN_OBJC_LITERAL_CONVERSION = YES;
				CLANG_WARN_OBJC_ROOT_CLASS = YES_ERROR;
				CLANG_WARN_QUOTED_INCLUDE_IN_FRAMEWORK_HEADER = YES;
				CLANG_WARN_RANGE_LOOP_ANALYSIS = YES;
				CLANG_WARN_STRICT_PROTOTYPES = YES;
				CLANG_WARN_SUSPICIOUS_MOVE = YES;
				CLANG_WARN_UNGUARDED_AVAILABILITY = YES_AGGRESSIVE;
				CLANG_WARN_UNREACHABLE_CODE = YES;
				CLANG_WARN__DUPLICATE_METHOD_MATCH = YES;
				COPY_PHASE_STRIP = NO;
				DEBUG_INFORMATION_FORMAT = "dwarf-with-dsym";
				ENABLE_NS_ASSERTIONS = NO;
				ENABLE_STRICT_OBJC_MSGSEND = YES;
				ENABLE_USER_SCRIPT_SANDBOXING = YES;
				GCC_C_LANGUAGE_STANDARD = gnu17;
				GCC_NO_COMMON_BLOCKS = YES;
				GCC_WARN_64_TO_32_BIT_CONVERSION = YES;
				GCC_WARN_ABOUT_RETURN_TYPE = YES_ERROR;
				GCC_WARN_UNDECLARED_SELECTOR = YES;
				GCC_WARN_UNINITIALIZED_AUTOS = YES_AGGRESSIVE;
				GCC_WARN_UNUSED_FUNCTION = YES;
				GCC_WARN_UNUSED_VARIABLE = YES;
				LOCALIZATION_PREFERS_STRING_CATALOGS = YES;
				MACOSX_DEPLOYMENT_TARGET = 14.4;
				MTL_ENABLE_DEBUG_INFO = NO;
				MTL_FAST_MATH = YES;
				SDKROOT = macosx;
				SWIFT_COMPILATION_MODE = wholemodule;
			};
			name = Release;
		};
		2C94F8582DC3C589009644EC /* Debug */ = {
			isa = XCBuildConfiguration;
			buildSettings = {
				ASSETCATALOG_COMPILER_APPICON_NAME = AppIcon;
				ASSETCATALOG_COMPILER_GLOBAL_ACCENT_COLOR_NAME = AccentColor;
				CODE_SIGN_ENTITLEMENTS = valence/valence.entitlements;
				CODE_SIGN_STYLE = Automatic;
				COMBINE_HIDPI_IMAGES = YES;
				CURRENT_PROJECT_VERSION = 1;
				DEVELOPMENT_ASSET_PATHS = "\"valence/Preview Content\"";
				DEVELOPMENT_TEAM = B7VLZJMQAL;
				ENABLE_HARDENED_RUNTIME = YES;
				ENABLE_PREVIEWS = YES;
				GENERATE_INFOPLIST_FILE = YES;
				INFOPLIST_KEY_NSHumanReadableCopyright = "";
				LD_RUNPATH_SEARCH_PATHS = (
					"$(inherited)",
					"@executable_path/../Frameworks",
				);
				MACOSX_DEPLOYMENT_TARGET = 14.0;
				MARKETING_VERSION = 1.0;
				PRODUCT_BUNDLE_IDENTIFIER = com.foreverforward.valence;
				PRODUCT_NAME = "$(TARGET_NAME)";
				SWIFT_EMIT_LOC_STRINGS = YES;
				SWIFT_VERSION = 5.0;
			};
			name = Debug;
		};
		2C94F8592DC3C589009644EC /* Release */ = {
			isa = XCBuildConfiguration;
			buildSettings = {
				ASSETCATALOG_COMPILER_APPICON_NAME = AppIcon;
				ASSETCATALOG_COMPILER_GLOBAL_ACCENT_COLOR_NAME = AccentColor;
				CODE_SIGN_ENTITLEMENTS = valence/valence.entitlements;
				CODE_SIGN_STYLE = Automatic;
				COMBINE_HIDPI_IMAGES = YES;
				CURRENT_PROJECT_VERSION = 1;
				DEVELOPMENT_ASSET_PATHS = "\"valence/Preview Content\"";
				DEVELOPMENT_TEAM = B7VLZJMQAL;
				ENABLE_HARDENED_RUNTIME = YES;
				ENABLE_PREVIEWS = YES;
				GENERATE_INFOPLIST_FILE = YES;
				INFOPLIST_KEY_NSHumanReadableCopyright = "";
				LD_RUNPATH_SEARCH_PATHS = (
					"$(inherited)",
					"@executable_path/../Frameworks",
				);
				MACOSX_DEPLOYMENT_TARGET = 14.0;
				MARKETING_VERSION = 1.0;
				PRODUCT_BUNDLE_IDENTIFIER = com.foreverforward.valence;
				PRODUCT_NAME = "$(TARGET_NAME)";
				SWIFT_EMIT_LOC_STRINGS = YES;
				SWIFT_VERSION = 5.0;
			};
			name = Release;
		};
		2C94F85B2DC3C589009644EC /* Debug */ = {
			isa = XCBuildConfiguration;
			buildSettings = {
				ALWAYS_EMBED_SWIFT_STANDARD_LIBRARIES = YES;
				BUNDLE_LOADER = "$(TEST_HOST)";
				CODE_SIGN_STYLE = Automatic;
				CURRENT_PROJECT_VERSION = 1;
				DEVELOPMENT_TEAM = B7VLZJMQAL;
				GENERATE_INFOPLIST_FILE = YES;
				MACOSX_DEPLOYMENT_TARGET = 14.0;
				MARKETING_VERSION = 1.0;
				PRODUCT_BUNDLE_IDENTIFIER = com.foreverforward.valenceTests;
				PRODUCT_NAME = "$(TARGET_NAME)";
				SWIFT_EMIT_LOC_STRINGS = NO;
				SWIFT_VERSION = 5.0;
				TEST_HOST = "$(BUILT_PRODUCTS_DIR)/valence.app/$(BUNDLE_EXECUTABLE_FOLDER_PATH)/valence";
			};
			name = Debug;
		};
		2C94F85C2DC3C589009644EC /* Release */ = {
			isa = XCBuildConfiguration;
			buildSettings = {
				ALWAYS_EMBED_SWIFT_STANDARD_LIBRARIES = YES;
				BUNDLE_LOADER = "$(TEST_HOST)";
				CODE_SIGN_STYLE = Automatic;
				CURRENT_PROJECT_VERSION = 1;
				DEVELOPMENT_TEAM = B7VLZJMQAL;
				GENERATE_INFOPLIST_FILE = YES;
				MACOSX_DEPLOYMENT_TARGET = 14.0;
				MARKETING_VERSION = 1.0;
				PRODUCT_BUNDLE_IDENTIFIER = com.foreverforward.valenceTests;
				PRODUCT_NAME = "$(TARGET_NAME)";
				SWIFT_EMIT_LOC_STRINGS = NO;
				SWIFT_VERSION = 5.0;
				TEST_HOST = "$(BUILT_PRODUCTS_DIR)/valence.app/$(BUNDLE_EXECUTABLE_FOLDER_PATH)/valence";
			};
			name = Release;
		};
		2C94F85E2DC3C589009644EC /* Debug */ = {
			isa = XCBuildConfiguration;
			buildSettings = {
				ALWAYS_EMBED_SWIFT_STANDARD_LIBRARIES = YES;
				CODE_SIGN_STYLE = Automatic;
				CURRENT_PROJECT_VERSION = 1;
				DEVELOPMENT_TEAM = B7VLZJMQAL;
				GENERATE_INFOPLIST_FILE = YES;
				MARKETING_VERSION = 1.0;
				PRODUCT_BUNDLE_IDENTIFIER = com.foreverforward.valenceUITests;
				PRODUCT_NAME = "$(TARGET_NAME)";
				SWIFT_EMIT_LOC_STRINGS = NO;
				SWIFT_VERSION = 5.0;
				TEST_TARGET_NAME = valence;
			};
			name = Debug;
		};
		2C94F85F2DC3C589009644EC /* Release */ = {
			isa = XCBuildConfiguration;
			buildSettings = {
				ALWAYS_EMBED_SWIFT_STANDARD_LIBRARIES = YES;
				CODE_SIGN_STYLE = Automatic;
				CURRENT_PROJECT_VERSION = 1;
				DEVELOPMENT_TEAM = B7VLZJMQAL;
				GENERATE_INFOPLIST_FILE = YES;
				MARKETING_VERSION = 1.0;
				PRODUCT_BUNDLE_IDENTIFIER = com.foreverforward.valenceUITests;
				PRODUCT_NAME = "$(TARGET_NAME)";
				SWIFT_EMIT_LOC_STRINGS = NO;
				SWIFT_VERSION = 5.0;
				TEST_TARGET_NAME = valence;
			};
			name = Release;
		};
/* End XCBuildConfiguration section */

/* Begin XCConfigurationList section */
		2C94F82B2DC3C587009644EC /* Build configuration list for PBXProject "valence" */ = {
			isa = XCConfigurationList;
			buildConfigurations = (
				2C94F8552DC3C589009644EC /* Debug */,
				2C94F8562DC3C589009644EC /* Release */,
			);
			defaultConfigurationIsVisible = 0;
			defaultConfigurationName = Release;
		};
		2C94F8572DC3C589009644EC /* Build configuration list for PBXNativeTarget "valence" */ = {
			isa = XCConfigurationList;
			buildConfigurations = (
				2C94F8582DC3C589009644EC /* Debug */,
				2C94F8592DC3C589009644EC /* Release */,
			);
			defaultConfigurationIsVisible = 0;
			defaultConfigurationName = Release;
		};
		2C94F85A2DC3C589009644EC /* Build configuration list for PBXNativeTarget "valenceTests" */ = {
			isa = XCConfigurationList;
			buildConfigurations = (
				2C94F85B2DC3C589009644EC /* Debug */,
				2C94F85C2DC3C589009644EC /* Release */,
			);
			defaultConfigurationIsVisible = 0;
			defaultConfigurationName = Release;
		};
		2C94F85D2DC3C589009644EC /* Build configuration list for PBXNativeTarget "valenceUITests" */ = {
			isa = XCConfigurationList;
			buildConfigurations = (
				2C94F85E2DC3C589009644EC /* Debug */,
				2C94F85F2DC3C589009644EC /* Release */,
			);
			defaultConfigurationIsVisible = 0;
			defaultConfigurationName = Release;
		};
/* End XCConfigurationList section */
	};
	rootObject = 2C94F8282DC3C587009644EC /* Project object */;
}
